
Microsoft Visual Studio Solution File, Format Version 12.00
# Visual Studio Version 16
VisualStudioVersion = 16.0.30907.101
MinimumVisualStudioVersion = 10.0.40219.1
Project("{888888A0-9F3D-457C-B088-3A5042F75D52}") = "At86", "At86\At86.pyproj", "{50BAA2F9-CB81-4617-84DB-548FC98F60ED}"
EndProject
Global
	GlobalSection(SolutionConfigurationPlatforms) = preSolution
		Debug|Any CPU = Debug|Any CPU
		Release|Any CPU = Release|Any CPU
	EndGlobalSection
	GlobalSection(ProjectConfigurationPlatforms) = postSolution
		{50BAA2F9-CB81-4617-84DB-548FC98F60ED}.Debug|Any CPU.ActiveCfg = Debug|Any CPU
		{50BAA2F9-CB81-4617-84DB-548FC98F60ED}.Release|Any CPU.ActiveCfg = Release|Any CPU
	EndGlobalSection
	GlobalSection(SolutionProperties) = preSolution
		HideSolutionNode = FALSE
	EndGlobalSection
	GlobalSection(ExtensibilityGlobals) = postSolution
		SolutionGuid = {7BCABF4D-C709-461D-9034-9FA8D2D313D5}
	EndGlobalSection
EndGlobal
